
Microsoft Visual Studio Solution File, Format Version 12.00
# Visual Studio Version 16
VisualStudioVersion = 16.0.30204.135
MinimumVisualStudioVersion = 10.0.40219.1
Project("{FAE04EC0-301F-11D3-BF4B-00C04F79EFBC}") = "CleanWishesMaid", "CleanWishesMaid\CleanWishesMaid.csproj", "{F77D3FF8-CD30-4340-9613-CE6AD2DA4FB5}"
EndProject
Global
	GlobalSection(SolutionConfigurationPlatforms) = preSolution
		Debug|Any CPU = Debug|Any CPU
		Release|Any CPU = Release|Any CPU
	EndGlobalSection
	GlobalSection(ProjectConfigurationPlatforms) = postSolution
		{F77D3FF8-CD30-4340-9613-CE6AD2DA4FB5}.Debug|Any CPU.ActiveCfg = Debug|Any CPU
		{F77D3FF8-CD30-4340-9613-CE6AD2DA4FB5}.Debug|Any CPU.Build.0 = Debug|Any CPU
		{F77D3FF8-CD30-4340-9613-CE6AD2DA4FB5}.Release|Any CPU.ActiveCfg = Release|Any CPU
		{F77D3FF8-CD30-4340-9613-CE6AD2DA4FB5}.Release|Any CPU.Build.0 = Release|Any CPU
	EndGlobalSection
	GlobalSection(SolutionProperties) = preSolution
		HideSolutionNode = FALSE
	EndGlobalSection
	GlobalSection(ExtensibilityGlobals) = postSolution
		SolutionGuid = {EC8822E5-6037-41B3-BD35-6F8B848C7338}
	EndGlobalSection
EndGlobal
